
Microsoft Visual Studio Solution File, Format Version 12.00
# Visual Studio Version 16
VisualStudioVersion = 16.0.31402.337
MinimumVisualStudioVersion = 10.0.40219.1
Project("{FAE04EC0-301F-11D3-BF4B-00C04F79EFBC}") = "ConsoleApp1", "ConsoleApp1\ConsoleApp1.csproj", "{214CD4EC-03F6-4018-86C7-4A23AC6C2635}"
EndProject
Global
	GlobalSection(SolutionConfigurationPlatforms) = preSolution
		Debug|Any CPU = Debug|Any CPU
		Release|Any CPU = Release|Any CPU
	EndGlobalSection
	GlobalSection(ProjectConfigurationPlatforms) = postSolution
		{214CD4EC-03F6-4018-86C7-4A23AC6C2635}.Debug|Any CPU.ActiveCfg = Debug|Any CPU
		{214CD4EC-03F6-4018-86C7-4A23AC6C2635}.Debug|Any CPU.Build.0 = Debug|Any CPU
		{214CD4EC-03F6-4018-86C7-4A23AC6C2635}.Release|Any CPU.ActiveCfg = Release|Any CPU
		{214CD4EC-03F6-4018-86C7-4A23AC6C2635}.Release|Any CPU.Build.0 = Release|Any CPU
	EndGlobalSection
	GlobalSection(SolutionProperties) = preSolution
		HideSolutionNode = FALSE
	EndGlobalSection
	GlobalSection(ExtensibilityGlobals) = postSolution
		SolutionGuid = {8B356A7C-4ED2-4757-AEC9-6D738821B6F0}
	EndGlobalSection
EndGlobal
