
Microsoft Visual Studio Solution File, Format Version 12.00
# Visual Studio Version 16
VisualStudioVersion = 16.0.31402.337
MinimumVisualStudioVersion = 10.0.40219.1
Project("{FAE04EC0-301F-11D3-BF4B-00C04F79EFBC}") = "ConsoleApp1", "ConsoleApp1\ConsoleApp1.csproj", "{A628D4E5-A6A9-44E2-AEC5-DBC5BD6F4FAE}"
EndProject
Global
	GlobalSection(SolutionConfigurationPlatforms) = preSolution
		Debug|Any CPU = Debug|Any CPU
		Release|Any CPU = Release|Any CPU
	EndGlobalSection
	GlobalSection(ProjectConfigurationPlatforms) = postSolution
		{A628D4E5-A6A9-44E2-AEC5-DBC5BD6F4FAE}.Debug|Any CPU.ActiveCfg = Debug|Any CPU
		{A628D4E5-A6A9-44E2-AEC5-DBC5BD6F4FAE}.Debug|Any CPU.Build.0 = Debug|Any CPU
		{A628D4E5-A6A9-44E2-AEC5-DBC5BD6F4FAE}.Release|Any CPU.ActiveCfg = Release|Any CPU
		{A628D4E5-A6A9-44E2-AEC5-DBC5BD6F4FAE}.Release|Any CPU.Build.0 = Release|Any CPU
	EndGlobalSection
	GlobalSection(SolutionProperties) = preSolution
		HideSolutionNode = FALSE
	EndGlobalSection
	GlobalSection(ExtensibilityGlobals) = postSolution
		SolutionGuid = {29254A9A-333B-4E42-BA21-E20A59F0F137}
	EndGlobalSection
EndGlobal
